
Microsoft Visual Studio Solution File, Format Version 12.00
Project("{FAE04EC0-301F-11D3-BF4B-00C04F79EFBC}") = "PasswordCracker", "PasswordCracker\PasswordCracker.csproj", "{34A3F035-E451-47D8-B34B-586C384C35F3}"
EndProject
Project("{FAE04EC0-301F-11D3-BF4B-00C04F79EFBC}") = "PasswordCracker.NBomber", "PasswordCracker.NBomber\PasswordCracker.NBomber.csproj", "{9B9D85D2-095E-40C7-83E3-D5D07D833608}"
EndProject
Global
	GlobalSection(SolutionConfigurationPlatforms) = preSolution
		Debug|Any CPU = Debug|Any CPU
		Release|Any CPU = Release|Any CPU
	EndGlobalSection
	GlobalSection(ProjectConfigurationPlatforms) = postSolution
		{34A3F035-E451-47D8-B34B-586C384C35F3}.Debug|Any CPU.ActiveCfg = Debug|Any CPU
		{34A3F035-E451-47D8-B34B-586C384C35F3}.Debug|Any CPU.Build.0 = Debug|Any CPU
		{34A3F035-E451-47D8-B34B-586C384C35F3}.Release|Any CPU.ActiveCfg = Release|Any CPU
		{34A3F035-E451-47D8-B34B-586C384C35F3}.Release|Any CPU.Build.0 = Release|Any CPU
		{9B9D85D2-095E-40C7-83E3-D5D07D833608}.Debug|Any CPU.ActiveCfg = Debug|Any CPU
		{9B9D85D2-095E-40C7-83E3-D5D07D833608}.Debug|Any CPU.Build.0 = Debug|Any CPU
		{9B9D85D2-095E-40C7-83E3-D5D07D833608}.Release|Any CPU.ActiveCfg = Release|Any CPU
		{9B9D85D2-095E-40C7-83E3-D5D07D833608}.Release|Any CPU.Build.0 = Release|Any CPU
	EndGlobalSection
EndGlobal
